// !$*UTF8*$!
{
	archiveVersion = 1;
	classes = {
	};
	objectVersion = 48;
	objects = {

/* Begin PBXBuildFile section */
		ABD61B531FAA084D001C8397 /* AppDelegate.swift in Sources */ = {isa = PBXBuildFile; fileRef = ABD61B521FAA084D001C8397 /* AppDelegate.swift */; };
		ABD61B551FAA084D001C8397 /* ViewController.swift in Sources */ = {isa = PBXBuildFile; fileRef = ABD61B541FAA084D001C8397 /* ViewController.swift */; };
		ABD61B581FAA084D001C8397 /* Main.storyboard in Resources */ = {isa = PBXBuildFile; fileRef = ABD61B561FAA084D001C8397 /* Main.storyboard */; };
		ABD61B5A1FAA084D001C8397 /* Assets.xcassets in Resources */ = {isa = PBXBuildFile; fileRef = ABD61B591FAA084D001C8397 /* Assets.xcassets */; };
		ABD61B5D1FAA084D001C8397 /* LaunchScreen.storyboard in Resources */ = {isa = PBXBuildFile; fileRef = ABD61B5B1FAA084D001C8397 /* LaunchScreen.storyboard */; };
		ABD61B651FAA0C51001C8397 /* QrCameraViewController.swift in Sources */ = {isa = PBXBuildFile; fileRef = ABD61B641FAA0C51001C8397 /* QrCameraViewController.swift */; };
/* End PBXBuildFile section */

/* Begin PBXFileReference section */
		ABD61B4F1FAA084D001C8397 /* LiveQR.app */ = {isa = PBXFileReference; explicitFileType = wrapper.application; includeInIndex = 0; path = LiveQR.app; sourceTree = BUILT_PRODUCTS_DIR; };
		ABD61B521FAA084D001C8397 /* AppDelegate.swift */ = {isa = PBXFileReference; lastKnownFileType = sourcecode.swift; path = AppDelegate.swift; sourceTree = "<group>"; };
		ABD61B541FAA084D001C8397 /* ViewController.swift */ = {isa = PBXFileReference; lastKnownFileType = sourcecode.swift; path = ViewController.swift; sourceTree = "<group>"; };
		ABD61B571FAA084D001C8397 /* Base */ = {isa = PBXFileReference; lastKnownFileType = file.storyboard; name = Base; path = Base.lproj/Main.storyboard; sourceTree = "<group>"; };
		ABD61B591FAA084D001C8397 /* Assets.xcassets */ = {isa = PBXFileReference; lastKnownFileType = folder.assetcatalog; path = Assets.xcassets; sourceTree = "<group>"; };
		ABD61B5C1FAA084D001C8397 /* Base */ = {isa = PBXFileReference; lastKnownFileType = file.storyboard; name = Base; path = Base.lproj/LaunchScreen.storyboard; sourceTree = "<group>"; };
		ABD61B5E1FAA084D001C8397 /* Info.plist */ = {isa = PBXFileReference; lastKnownFileType = text.plist.xml; path = Info.plist; sourceTree = "<group>"; };
		ABD61B641FAA0C51001C8397 /* QrCameraViewController.swift */ = {isa = PBXFileReference; lastKnownFileType = sourcecode.swift; path = QrCameraViewController.swift; sourceTree = "<group>"; };
/* End PBXFileReference section */

/* Begin PBXFrameworksBuildPhase section */
		ABD61B4C1FAA084D001C8397 /* Frameworks */ = {
			isa = PBXFrameworksBuildPhase;
			buildActionMask = 2147483647;
			files = (
			);
			runOnlyForDeploymentPostprocessing = 0;
		};
/* End PBXFrameworksBuildPhase section */

/* Begin PBXGroup section */
		ABD61B461FAA084D001C8397 = {
			isa = PBXGroup;
			children = (
				ABD61B511FAA084D001C8397 /* LiveQR */,
				ABD61B501FAA084D001C8397 /* Products */,
			);
			sourceTree = "<group>";
		};
		ABD61B501FAA084D001C8397 /* Products */ = {
			isa = PBXGroup;
			children = (
				ABD61B4F1FAA084D001C8397 /* LiveQR.app */,
			);
			name = Products;
			sourceTree = "<group>";
		};
		ABD61B511FAA084D001C8397 /* LiveQR */ = {
			isa = PBXGroup;
			children = (
				ABD61B641FAA0C51001C8397 /* QrCameraViewController.swift */,
				ABD61B521FAA084D001C8397 /* AppDelegate.swift */,
				ABD61B541FAA084D001C8397 /* ViewController.swift */,
				ABD61B561FAA084D001C8397 /* Main.storyboard */,
				ABD61B591FAA084D001C8397 /* Assets.xcassets */,
				ABD61B5B1FAA084D001C8397 /* LaunchScreen.storyboard */,
				ABD61B5E1FAA084D001C8397 /* Info.plist */,
			);
			path = LiveQR;
			sourceTree = "<group>";
		};
/* End PBXGroup section */

/* Begin PBXNativeTarget section */
		ABD61B4E1FAA084D001C8397 /* LiveQR */ = {
			isa = PBXNativeTarget;
			buildConfigurationList = ABD61B611FAA084D001C8397 /* Build configuration list for PBXNativeTarget "LiveQR" */;
			buildPhases = (
				ABD61B4B1FAA084D001C8397 /* Sources */,
				ABD61B4C1FAA084D001C8397 /* Frameworks */,
				ABD61B4D1FAA084D001C8397 /* Resources */,
			);
			buildRules = (
			);
			dependencies = (
			);
			name = LiveQR;
			productName = LiveQR;
			productReference = ABD61B4F1FAA084D001C8397 /* LiveQR.app */;
			productType = "com.apple.product-type.application";
		};
/* End PBXNativeTarget section */

/* Begin PBXProject section */
		ABD61B471FAA084D001C8397 /* Project object */ = {
			isa = PBXProject;
			attributes = {
				LastSwiftUpdateCheck = 0910;
				LastUpgradeCheck = 0910;
				ORGANIZATIONNAME = ilyb;
				TargetAttributes = {
					ABD61B4E1FAA084D001C8397 = {
						CreatedOnToolsVersion = 9.1;
						ProvisioningStyle = Automatic;
					};
				};
			};
			buildConfigurationList = ABD61B4A1FAA084D001C8397 /* Build configuration list for PBXProject "LiveQR" */;
			compatibilityVersion = "Xcode 8.0";
			developmentRegion = en;
			hasScannedForEncodings = 0;
			knownRegions = (
				en,
				Base,
			);
			mainGroup = ABD61B461FAA084D001C8397;
			productRefGroup = ABD61B501FAA084D001C8397 /* Products */;
			projectDirPath = "";
			projectRoot = "";
			targets = (
				ABD61B4E1FAA084D001C8397 /* LiveQR */,
			);
		};
/* End PBXProject section */

/* Begin PBXResourcesBuildPhase section */
		ABD61B4D1FAA084D001C8397 /* Resources */ = {
			isa = PBXResourcesBuildPhase;
			buildActionMask = 2147483647;
			files = (
				ABD61B5D1FAA084D001C8397 /* LaunchScreen.storyboard in Resources */,
				ABD61B5A1FAA084D001C8397 /* Assets.xcassets in Resources */,
				ABD61B581FAA084D001C8397 /* Main.storyboard in Resources */,
			);
			runOnlyForDeploymentPostprocessing = 0;
		};
/* End PBXResourcesBuildPhase section */

/* Begin PBXSourcesBuildPhase section */
		ABD61B4B1FAA084D001C8397 /* Sources */ = {
			isa = PBXSourcesBuildPhase;
			buildActionMask = 2147483647;
			files = (
				ABD61B651FAA0C51001C8397 /* QrCameraViewController.swift in Sources */,
				ABD61B551FAA084D001C8397 /* ViewController.swift in Sources */,
				ABD61B531FAA084D001C8397 /* AppDelegate.swift in Sources */,
			);
			runOnlyForDeploymentPostprocessing = 0;
		};
/* End PBXSourcesBuildPhase section */

/* Begin PBXVariantGroup section */
		ABD61B561FAA084D001C8397 /* Main.storyboard */ = {
			isa = PBXVariantGroup;
			children = (
				ABD61B571FAA084D001C8397 /* Base */,
			);
			name = Main.storyboard;
			sourceTree = "<group>";
		};
		ABD61B5B1FAA084D001C8397 /* LaunchScreen.storyboard */ = {
			isa = PBXVariantGroup;
			children = (
				ABD61B5C1FAA084D001C8397 /* Base */,
			);
			name = LaunchScreen.storyboard;
			sourceTree = "<group>";
		};
/* End PBXVariantGroup section */

/* Begin XCBuildConfiguration section */
		ABD61B5F1FAA084D001C8397 /* Debug */ = {
			isa = XCBuildConfiguration;
			buildSettings = {
				ALWAYS_SEARCH_USER_PATHS = NO;
				CLANG_ANALYZER_NONNULL = YES;
				CLANG_ANALYZER_NUMBER_OBJECT_CONVERSION = YES_AGGRESSIVE;
				CLANG_CXX_LANGUAGE_STANDARD = "gnu++14";
				CLANG_CXX_LIBRARY = "libc++";
				CLANG_ENABLE_MODULES = YES;
				CLANG_ENABLE_OBJC_ARC = YES;
				CLANG_WARN_BLOCK_CAPTURE_AUTORELEASING = YES;
				CLANG_WARN_BOOL_CONVERSION = YES;
				CLANG_WARN_COMMA = YES;
				CLANG_WARN_CONSTANT_CONVERSION = YES;
				CLANG_WARN_DIRECT_OBJC_ISA_USAGE = YES_ERROR;
				CLANG_WARN_DOCUMENTATION_COMMENTS = YES;
				CLANG_WARN_EMPTY_BODY = YES;
				CLANG_WARN_ENUM_CONVERSION = YES;
				CLANG_WARN_INFINITE_RECURSION = YES;
				CLANG_WARN_INT_CONVERSION = YES;
				CLANG_WARN_NON_LITERAL_NULL_CONVERSION = YES;
				CLANG_WARN_OBJC_LITERAL_CONVERSION = YES;
				CLANG_WARN_OBJC_ROOT_CLASS = YES_ERROR;
				CLANG_WARN_RANGE_LOOP_ANALYSIS = YES;
				CLANG_WARN_STRICT_PROTOTYPES = YES;
				CLANG_WARN_SUSPICIOUS_MOVE = YES;
				CLANG_WARN_UNGUARDED_AVAILABILITY = YES_AGGRESSIVE;
				CLANG_WARN_UNREACHABLE_CODE = YES;
				CLANG_WARN__DUPLICATE_METHOD_MATCH = YES;
				CODE_SIGN_IDENTITY = "iPhone Developer";
				COPY_PHASE_STRIP = NO;
				DEBUG_INFORMATION_FORMAT = dwarf;
				ENABLE_STRICT_OBJC_MSGSEND = YES;
				ENABLE_TESTABILITY = YES;
				GCC_C_LANGUAGE_STANDARD = gnu11;
				GCC_DYNAMIC_NO_PIC = NO;
				GCC_NO_COMMON_BLOCKS = YES;
				GCC_OPTIMIZATION_LEVEL = 0;
				GCC_PREPROCESSOR_DEFINITIONS = (
					"DEBUG=1",
					"$(inherited)",
				);
				GCC_WARN_64_TO_32_BIT_CONVERSION = YES;
				GCC_WARN_ABOUT_RETURN_TYPE = YES_ERROR;
				GCC_WARN_UNDECLARED_SELECTOR = YES;
				GCC_WARN_UNINITIALIZED_AUTOS = YES_AGGRESSIVE;
				GCC_WARN_UNUSED_FUNCTION = YES;
				GCC_WARN_UNUSED_VARIABLE = YES;
				IPHONEOS_DEPLOYMENT_TARGET = 11.1;
				MTL_ENABLE_DEBUG_INFO = YES;
				ONLY_ACTIVE_ARCH = YES;
				SDKROOT = iphoneos;
				SWIFT_ACTIVE_COMPILATION_CONDITIONS = DEBUG;
				SWIFT_OPTIMIZATION_LEVEL = "-Onone";
			};
			name = Debug;
		};
		ABD61B601FAA084D001C8397 /* Release */ = {
			isa = XCBuildConfiguration;
			buildSettings = {
				ALWAYS_SEARCH_USER_PATHS = NO;
				CLANG_ANALYZER_NONNULL = YES;
				CLANG_ANALYZER_NUMBER_OBJECT_CONVERSION = YES_AGGRESSIVE;
				CLANG_CXX_LANGUAGE_STANDARD = "gnu++14";
				CLANG_CXX_LIBRARY = "libc++";
				CLANG_ENABLE_MODULES = YES;
				CLANG_ENABLE_OBJC_ARC = YES;
				CLANG_WARN_BLOCK_CAPTURE_AUTORELEASING = YES;
				CLANG_WARN_BOOL_CONVERSION = YES;
				CLANG_WARN_COMMA = YES;
				CLANG_WARN_CONSTANT_CONVERSION = YES;
				CLANG_WARN_DIRECT_OBJC_ISA_USAGE = YES_ERROR;
				CLANG_WARN_DOCUMENTATION_COMMENTS = YES;
				CLANG_WARN_EMPTY_BODY = YES;
				CLANG_WARN_ENUM_CONVERSION = YES;
				CLANG_WARN_INFINITE_RECURSION = YES;
				CLANG_WARN_INT_CONVERSION = YES;
				CLANG_WARN_NON_LITERAL_NULL_CONVERSION = YES;
				CLANG_WARN_OBJC_LITERAL_CONVERSION = YES;
				CLANG_WARN_OBJC_ROOT_CLASS = YES_ERROR;
				CLANG_WARN_RANGE_LOOP_ANALYSIS = YES;
				CLANG_WARN_STRICT_PROTOTYPES = YES;
				CLANG_WARN_SUSPICIOUS_MOVE = YES;
				CLANG_WARN_UNGUARDED_AVAILABILITY = YES_AGGRESSIVE;
				CLANG_WARN_UNREACHABLE_CODE = YES;
				CLANG_WARN__DUPLICATE_METHOD_MATCH = YES;
				CODE_SIGN_IDENTITY = "iPhone Developer";
				COPY_PHASE_STRIP = NO;
				DEBUG_INFORMATION_FORMAT = "dwarf-with-dsym";
				ENABLE_NS_ASSERTIONS = NO;
				ENABLE_STRICT_OBJC_MSGSEND = YES;
				GCC_C_LANGUAGE_STANDARD = gnu11;
				GCC_NO_COMMON_BLOCKS = YES;
				GCC_WARN_64_TO_32_BIT_CONVERSION = YES;
				GCC_WARN_ABOUT_RETURN_TYPE = YES_ERROR;
				GCC_WARN_UNDECLARED_SELECTOR = YES;
				GCC_WARN_UNINITIALIZED_AUTOS = YES_AGGRESSIVE;
				GCC_WARN_UNUSED_FUNCTION = YES;
				GCC_WARN_UNUSED_VARIABLE = YES;
				IPHONEOS_DEPLOYMENT_TARGET = 11.1;
				MTL_ENABLE_DEBUG_INFO = NO;
				SDKROOT = iphoneos;
				SWIFT_OPTIMIZATION_LEVEL = "-Owholemodule";
				VALIDATE_PRODUCT = YES;
			};
			name = Release;
		};
		ABD61B621FAA084D001C8397 /* Debug */ = {
			isa = XCBuildConfiguration;
			buildSettings = {
				ASSETCATALOG_COMPILER_APPICON_NAME = AppIcon;
				CODE_SIGN_STYLE = Automatic;
				DEVELOPMENT_TEAM = SK8WX2BAWU;
				INFOPLIST_FILE = LiveQR/Info.plist;
				LD_RUNPATH_SEARCH_PATHS = "$(inherited) @executable_path/Frameworks";
				PRODUCT_BUNDLE_IDENTIFIER = ilyb.LiveQR;
				PRODUCT_NAME = "$(TARGET_NAME)";
				SWIFT_VERSION = 4.0;
				TARGETED_DEVICE_FAMILY = "1,2";
			};
			name = Debug;
		};
		ABD61B631FAA084D001C8397 /* Release */ = {
			isa = XCBuildConfiguration;
			buildSettings = {
				ASSETCATALOG_COMPILER_APPICON_NAME = AppIcon;
				CODE_SIGN_STYLE = Automatic;
				DEVELOPMENT_TEAM = SK8WX2BAWU;
				INFOPLIST_FILE = LiveQR/Info.plist;
				LD_RUNPATH_SEARCH_PATHS = "$(inherited) @executable_path/Frameworks";
				PRODUCT_BUNDLE_IDENTIFIER = ilyb.LiveQR;
				PRODUCT_NAME = "$(TARGET_NAME)";
				SWIFT_VERSION = 4.0;
				TARGETED_DEVICE_FAMILY = "1,2";
			};
			name = Release;
		};
/* End XCBuildConfiguration section */

/* Begin XCConfigurationList section */
		ABD61B4A1FAA084D001C8397 /* Build configuration list for PBXProject "LiveQR" */ = {
			isa = XCConfigurationList;
			buildConfigurations = (
				ABD61B5F1FAA084D001C8397 /* Debug */,
				ABD61B601FAA084D001C8397 /* Release */,
			);
			defaultConfigurationIsVisible = 0;
			defaultConfigurationName = Release;
		};
		ABD61B611FAA084D001C8397 /* Build configuration list for PBXNativeTarget "LiveQR" */ = {
			isa = XCConfigurationList;
			buildConfigurations = (
				ABD61B621FAA084D001C8397 /* Debug */,
				ABD61B631FAA084D001C8397 /* Release */,
			);
			defaultConfigurationIsVisible = 0;
			defaultConfigurationName = Release;
		};
/* End XCConfigurationList section */
	};
	rootObject = ABD61B471FAA084D001C8397 /* Project object */;
}
